Microsoft Visual Studio Solution File, Format Version 12.00
# Visual Studio Version 17
VisualStudioVersion = 17.5.2.0
MinimumVisualStudioVersion = 10.0.40219.1
Project("{FAE04EC0-301F-11D3-BF4B-00C04F79EFBC}") = "DualAutoClicker", "DualAutoClicker.csproj", "{8F06C0C4-B01B-3D35-124A-2B5083E12128}"
EndProject
Global
	GlobalSection(SolutionConfigurationPlatforms) = preSolution
		Debug|Any CPU = Debug|Any CPU
		Release|Any CPU = Release|Any CPU
	EndGlobalSection
	GlobalSection(ProjectConfigurationPlatforms) = postSolution
		{8F06C0C4-B01B-3D35-124A-2B5083E12128}.Debug|Any CPU.ActiveCfg = Debug|Any CPU
		{8F06C0C4-B01B-3D35-124A-2B5083E12128}.Debug|Any CPU.Build.0 = Debug|Any CPU
		{8F06C0C4-B01B-3D35-124A-2B5083E12128}.Release|Any CPU.ActiveCfg = Release|Any CPU
		{8F06C0C4-B01B-3D35-124A-2B5083E12128}.Release|Any CPU.Build.0 = Release|Any CPU
	EndGlobalSection
	GlobalSection(SolutionProperties) = preSolution
		HideSolutionNode = FALSE
	EndGlobalSection
	GlobalSection(ExtensibilityGlobals) = postSolution
		SolutionGuid = {6CC8B475-69DC-481C-B624-52B191D0537E}
	EndGlobalSection
EndGlobal
